{
    "name": "xml-pr-review-bot",
    "version": "1.0.0",
    "lockfileVersion": 3,
    "requires": true,
    "packages": {
        "": {
            "name": "xml-pr-review-bot",
            "version": "1.0.0",
            "dependencies": {
                "xml-language-service": "latest"
            }
        },
        "node_modules/@xml-tools/parser": {
            "version": "1.0.11",
            "resolved": "https://registry.npmjs.org/@xml-tools/parser/-/parser-1.0.11.tgz",
            "integrity": "sha512-aKqQ077XnR+oQtHJlrAflaZaL7qZsulWc/i/ZEooar5JiWj1eLt0+Wg28cpa+XLney107wXqneC+oG1IZvxkTA==",
            "license": "Apache-2.0",
            "dependencies": {
                "chevrotain": "7.1.1"
            }
        },
        "node_modules/chevrotain": {
            "version": "7.1.1",
            "resolved": "https://registry.npmjs.org/chevrotain/-/chevrotain-7.1.1.tgz",
            "integrity": "sha512-wy3mC1x4ye+O+QkEinVJkPf5u2vsrDIYW9G7ZuwFl6v/Yu0LwUuT2POsb+NUWApebyxfkQq6+yDfRExbnI5rcw==",
            "license": "Apache-2.0",
            "dependencies": {
                "regexp-to-ast": "0.5.0"
            }
        },
        "node_modules/regexp-to-ast": {
            "version": "0.5.0",
            "resolved": "https://registry.npmjs.org/regexp-to-ast/-/regexp-to-ast-0.5.0.tgz",
            "integrity": "sha512-tlbJqcMHnPKI9zSrystikWKwHkBqu2a/Sgw01h3zFjvYrMxEDYHzzoMZnUrbIfpTFEsoRnnviOXNCzFiSc54Qw==",
            "license": "MIT"
        },
        "node_modules/xml-language-service": {
            "version": "1.0.0",
            "resolved": "https://registry.npmjs.org/xml-language-service/-/xml-language-service-1.0.0.tgz",
            "integrity": "sha512-6Xvqjo+XhMQl4JYUTw9xJEI2QtXipzIvxRdB6JTrO1r4OGf91yqH871sqyINe0lnoAjuNpqad+A9zoDa1NTMkw==",
            "license": "Apache-2.0",
            "dependencies": {
                "@xml-tools/parser": "^1.0.11"
            },
            "engines": {
                "node": ">=18.0.0"
            }
        }
    }
}
